
Microsoft Visual Studio Solution File, Format Version 12.00
# Visual Studio Version 16
VisualStudioVersion = 16.0.29215.179
MinimumVisualStudioVersion = 10.0.40219.1
Project("{8BC9CEB8-8B4A-11D0-8D11-00A0C91BC942}") = "Lesson53", "Lesson53.vcxproj", "{F346C89D-FFA7-4031-A8E5-14C151F2F941}"
EndProject
Project("{8BC9CEB8-8B4A-11D0-8D11-00A0C91BC942}") = "Project02", "Project02\Project02.vcxproj", "{10C40DB1-932C-4E41-AAC4-4F4AB4010466}"
EndProject
Project("{8BC9CEB8-8B4A-11D0-8D11-00A0C91BC942}") = "Integer", "..\Integer\Integer.vcxproj", "{417DAB1C-1591-4E1E-B2E7-BA6B27A30B69}"
EndProject
Project("{8BC9CEB8-8B4A-11D0-8D11-00A0C91BC942}") = "Project1", "..\Project1\Project1.vcxproj", "{8B22163B-9831-4095-BF71-397BAABA7C3A}"
EndProject
Project("{8BC9CEB8-8B4A-11D0-8D11-00A0C91BC942}") = "Transport project", "..\Transport project\Transport project.vcxproj", "{2D243F49-9476-4E37-8B3F-B9EDEA973A60}"
EndProject
Project("{8BC9CEB8-8B4A-11D0-8D11-00A0C91BC942}") = "GraphicProject", "..\GraphicProject\GraphicProject.vcxproj", "{C9B2676C-CE25-48EE-A89B-6E45DC9F4750}"
EndProject
Project("{8BC9CEB8-8B4A-11D0-8D11-00A0C91BC942}") = "BEEProject", "..\BEEProject\BEEProject.vcxproj", "{C85D6216-C915-42A5-8378-4057A003D725}"
EndProject
Global
	GlobalSection(SolutionConfigurationPlatforms) = preSolution
		Debug|x64 = Debug|x64
		Debug|x86 = Debug|x86
		Release|x64 = Release|x64
		Release|x86 = Release|x86
	EndGlobalSection
	GlobalSection(ProjectConfigurationPlatforms) = postSolution
		{F346C89D-FFA7-4031-A8E5-14C151F2F941}.Debug|x64.ActiveCfg = Debug|x64
		{F346C89D-FFA7-4031-A8E5-14C151F2F941}.Debug|x64.Build.0 = Debug|x64
		{F346C89D-FFA7-4031-A8E5-14C151F2F941}.Debug|x86.ActiveCfg = Debug|Win32
		{F346C89D-FFA7-4031-A8E5-14C151F2F941}.Debug|x86.Build.0 = Debug|Win32
		{F346C89D-FFA7-4031-A8E5-14C151F2F941}.Release|x64.ActiveCfg = Release|x64
		{F346C89D-FFA7-4031-A8E5-14C151F2F941}.Release|x64.Build.0 = Release|x64
		{F346C89D-FFA7-4031-A8E5-14C151F2F941}.Release|x86.ActiveCfg = Release|Win32
		{F346C89D-FFA7-4031-A8E5-14C151F2F941}.Release|x86.Build.0 = Release|Win32
		{10C40DB1-932C-4E41-AAC4-4F4AB4010466}.Debug|x64.ActiveCfg = Debug|x64
		{10C40DB1-932C-4E41-AAC4-4F4AB4010466}.Debug|x64.Build.0 = Debug|x64
		{10C40DB1-932C-4E41-AAC4-4F4AB4010466}.Debug|x86.ActiveCfg = Debug|Win32
		{10C40DB1-932C-4E41-AAC4-4F4AB4010466}.Debug|x86.Build.0 = Debug|Win32
		{10C40DB1-932C-4E41-AAC4-4F4AB4010466}.Release|x64.ActiveCfg = Release|x64
		{10C40DB1-932C-4E41-AAC4-4F4AB4010466}.Release|x64.Build.0 = Release|x64
		{10C40DB1-932C-4E41-AAC4-4F4AB4010466}.Release|x86.ActiveCfg = Release|Win32
		{10C40DB1-932C-4E41-AAC4-4F4AB4010466}.Release|x86.Build.0 = Release|Win32
		{417DAB1C-1591-4E1E-B2E7-BA6B27A30B69}.Debug|x64.ActiveCfg = Debug|x64
		{417DAB1C-1591-4E1E-B2E7-BA6B27A30B69}.Debug|x64.Build.0 = Debug|x64
		{417DAB1C-1591-4E1E-B2E7-BA6B27A30B69}.Debug|x86.ActiveCfg = Debug|Win32
		{417DAB1C-1591-4E1E-B2E7-BA6B27A30B69}.Debug|x86.Build.0 = Debug|Win32
		{417DAB1C-1591-4E1E-B2E7-BA6B27A30B69}.Release|x64.ActiveCfg = Release|x64
		{417DAB1C-1591-4E1E-B2E7-BA6B27A30B69}.Release|x64.Build.0 = Release|x64
		{417DAB1C-1591-4E1E-B2E7-BA6B27A30B69}.Release|x86.ActiveCfg = Release|Win32
		{417DAB1C-1591-4E1E-B2E7-BA6B27A30B69}.Release|x86.Build.0 = Release|Win32
		{8B22163B-9831-4095-BF71-397BAABA7C3A}.Debug|x64.ActiveCfg = Debug|x64
		{8B22163B-9831-4095-BF71-397BAABA7C3A}.Debug|x64.Build.0 = Debug|x64
		{8B22163B-9831-4095-BF71-397BAABA7C3A}.Debug|x86.ActiveCfg = Debug|Win32
		{8B22163B-9831-4095-BF71-397BAABA7C3A}.Debug|x86.Build.0 = Debug|Win32
		{8B22163B-9831-4095-BF71-397BAABA7C3A}.Release|x64.ActiveCfg = Release|x64
		{8B22163B-9831-4095-BF71-397BAABA7C3A}.Release|x64.Build.0 = Release|x64
		{8B22163B-9831-4095-BF71-397BAABA7C3A}.Release|x86.ActiveCfg = Release|Win32
		{8B22163B-9831-4095-BF71-397BAABA7C3A}.Release|x86.Build.0 = Release|Win32
		{2D243F49-9476-4E37-8B3F-B9EDEA973A60}.Debug|x64.ActiveCfg = Debug|x64
		{2D243F49-9476-4E37-8B3F-B9EDEA973A60}.Debug|x64.Build.0 = Debug|x64
		{2D243F49-9476-4E37-8B3F-B9EDEA973A60}.Debug|x86.ActiveCfg = Debug|Win32
		{2D243F49-9476-4E37-8B3F-B9EDEA973A60}.Debug|x86.Build.0 = Debug|Win32
		{2D243F49-9476-4E37-8B3F-B9EDEA973A60}.Release|x64.ActiveCfg = Release|x64
		{2D243F49-9476-4E37-8B3F-B9EDEA973A60}.Release|x64.Build.0 = Release|x64
		{2D243F49-9476-4E37-8B3F-B9EDEA973A60}.Release|x86.ActiveCfg = Release|Win32
		{2D243F49-9476-4E37-8B3F-B9EDEA973A60}.Release|x86.Build.0 = Release|Win32
		{C9B2676C-CE25-48EE-A89B-6E45DC9F4750}.Debug|x64.ActiveCfg = Debug|x64
		{C9B2676C-CE25-48EE-A89B-6E45DC9F4750}.Debug|x64.Build.0 = Debug|x64
		{C9B2676C-CE25-48EE-A89B-6E45DC9F4750}.Debug|x86.ActiveCfg = Debug|Win32
		{C9B2676C-CE25-48EE-A89B-6E45DC9F4750}.Debug|x86.Build.0 = Debug|Win32
		{C9B2676C-CE25-48EE-A89B-6E45DC9F4750}.Release|x64.ActiveCfg = Release|x64
		{C9B2676C-CE25-48EE-A89B-6E45DC9F4750}.Release|x64.Build.0 = Release|x64
		{C9B2676C-CE25-48EE-A89B-6E45DC9F4750}.Release|x86.ActiveCfg = Release|Win32
		{C9B2676C-CE25-48EE-A89B-6E45DC9F4750}.Release|x86.Build.0 = Release|Win32
		{C85D6216-C915-42A5-8378-4057A003D725}.Debug|x64.ActiveCfg = Debug|x64
		{C85D6216-C915-42A5-8378-4057A003D725}.Debug|x64.Build.0 = Debug|x64
		{C85D6216-C915-42A5-8378-4057A003D725}.Debug|x86.ActiveCfg = Debug|Win32
		{C85D6216-C915-42A5-8378-4057A003D725}.Debug|x86.Build.0 = Debug|Win32
		{C85D6216-C915-42A5-8378-4057A003D725}.Release|x64.ActiveCfg = Release|x64
		{C85D6216-C915-42A5-8378-4057A003D725}.Release|x64.Build.0 = Release|x64
		{C85D6216-C915-42A5-8378-4057A003D725}.Release|x86.ActiveCfg = Release|Win32
		{C85D6216-C915-42A5-8378-4057A003D725}.Release|x86.Build.0 = Release|Win32
	EndGlobalSection
	GlobalSection(SolutionProperties) = preSolution
		HideSolutionNode = FALSE
	EndGlobalSection
	GlobalSection(ExtensibilityGlobals) = postSolution
		SolutionGuid = {12FF78AF-BE89-464E-9050-CD70F5AD0458}
	EndGlobalSection
EndGlobal
